
Microsoft Visual Studio Solution File, Format Version 12.00
# Visual Studio 15
VisualStudioVersion = 15.0.27130.2024
MinimumVisualStudioVersion = 10.0.40219.1
Project("{FAE04EC0-301F-11D3-BF4B-00C04F79EFBC}") = "Dominio", "Servico\Dominio.csproj", "{9DC80615-73E7-4D73-814E-90E469364530}"
EndProject
Project("{FAE04EC0-301F-11D3-BF4B-00C04F79EFBC}") = "Aplicacao", "Aplicacao\Aplicacao.csproj", "{2D0D41BE-DE53-477E-AD04-721FF84E8703}"
EndProject
Project("{FAE04EC0-301F-11D3-BF4B-00C04F79EFBC}") = "Entidade", "Entidade\Entidade.csproj", "{3C0337DF-E437-4905-9848-0845B9F46610}"
EndProject
Project("{FAE04EC0-301F-11D3-BF4B-00C04F79EFBC}") = "Repositorio", "Repositorio\Repositorio.csproj", "{7E0240B2-B47E-40CC-AF42-AEB2744E4CD8}"
EndProject
Project("{FAE04EC0-301F-11D3-BF4B-00C04F79EFBC}") = "Core", "Tools\Core.csproj", "{D910ECAD-DDF8-409C-B7D6-ABC6CA831B53}"
EndProject
Project("{FAE04EC0-301F-11D3-BF4B-00C04F79EFBC}") = "InitializerHelper", "RegisterHelper\InitializerHelper.csproj", "{E2ADE39A-6A99-470C-AEDD-23A5813A106C}"
EndProject
Project("{FAE04EC0-301F-11D3-BF4B-00C04F79EFBC}") = "Portal", "webapp\Portal.csproj", "{24CA74F5-6AF8-4C67-AC79-3E648ECBEA68}"
EndProject
Project("{FAE04EC0-301F-11D3-BF4B-00C04F79EFBC}") = "API", "API\API.csproj", "{D1BF6BD5-32BB-4E69-9728-A3A89698BEAE}"
EndProject
Project("{FAE04EC0-301F-11D3-BF4B-00C04F79EFBC}") = "WebServices", "APIRest\WebServices.csproj", "{2808B87F-182D-4B90-AF8B-0A693415C1AA}"
EndProject
Project("{FAE04EC0-301F-11D3-BF4B-00C04F79EFBC}") = "Test", "Test\Test.csproj", "{FDB85D2B-1209-488B-9EC2-FB9DB78D15E6}"
EndProject
Global
	GlobalSection(SolutionConfigurationPlatforms) = preSolution
		Debug|Any CPU = Debug|Any CPU
		Debug|Windows-x64 = Debug|Windows-x64
		Debug|Windows-x86 = Debug|Windows-x86
		Development|Any CPU = Development|Any CPU
		Development|Windows-x64 = Development|Windows-x64
		Development|Windows-x86 = Development|Windows-x86
		Release|Any CPU = Release|Any CPU
		Release|Windows-x64 = Release|Windows-x64
		Release|Windows-x86 = Release|Windows-x86
	EndGlobalSection
	GlobalSection(ProjectConfigurationPlatforms) = postSolution
		{9DC80615-73E7-4D73-814E-90E469364530}.Debug|Any CPU.ActiveCfg = Debug|Any CPU
		{9DC80615-73E7-4D73-814E-90E469364530}.Debug|Any CPU.Build.0 = Debug|Any CPU
		{9DC80615-73E7-4D73-814E-90E469364530}.Debug|Windows-x64.ActiveCfg = Debug|Any CPU
		{9DC80615-73E7-4D73-814E-90E469364530}.Debug|Windows-x64.Build.0 = Debug|Any CPU
		{9DC80615-73E7-4D73-814E-90E469364530}.Debug|Windows-x86.ActiveCfg = Debug|Any CPU
		{9DC80615-73E7-4D73-814E-90E469364530}.Debug|Windows-x86.Build.0 = Debug|Any CPU
		{9DC80615-73E7-4D73-814E-90E469364530}.Development|Any CPU.ActiveCfg = Development|Any CPU
		{9DC80615-73E7-4D73-814E-90E469364530}.Development|Any CPU.Build.0 = Development|Any CPU
		{9DC80615-73E7-4D73-814E-90E469364530}.Development|Windows-x64.ActiveCfg = Development|Any CPU
		{9DC80615-73E7-4D73-814E-90E469364530}.Development|Windows-x64.Build.0 = Development|Any CPU
		{9DC80615-73E7-4D73-814E-90E469364530}.Development|Windows-x86.ActiveCfg = Development|Any CPU
		{9DC80615-73E7-4D73-814E-90E469364530}.Development|Windows-x86.Build.0 = Development|Any CPU
		{9DC80615-73E7-4D73-814E-90E469364530}.Release|Any CPU.ActiveCfg = Release|Any CPU
		{9DC80615-73E7-4D73-814E-90E469364530}.Release|Any CPU.Build.0 = Release|Any CPU
		{9DC80615-73E7-4D73-814E-90E469364530}.Release|Windows-x64.ActiveCfg = Release|Any CPU
		{9DC80615-73E7-4D73-814E-90E469364530}.Release|Windows-x64.Build.0 = Release|Any CPU
		{9DC80615-73E7-4D73-814E-90E469364530}.Release|Windows-x86.ActiveCfg = Release|Any CPU
		{9DC80615-73E7-4D73-814E-90E469364530}.Release|Windows-x86.Build.0 = Release|Any CPU
		{2D0D41BE-DE53-477E-AD04-721FF84E8703}.Debug|Any CPU.ActiveCfg = Debug|Any CPU
		{2D0D41BE-DE53-477E-AD04-721FF84E8703}.Debug|Any CPU.Build.0 = Debug|Any CPU
		{2D0D41BE-DE53-477E-AD04-721FF84E8703}.Debug|Windows-x64.ActiveCfg = Debug|Any CPU
		{2D0D41BE-DE53-477E-AD04-721FF84E8703}.Debug|Windows-x64.Build.0 = Debug|Any CPU
		{2D0D41BE-DE53-477E-AD04-721FF84E8703}.Debug|Windows-x86.ActiveCfg = Debug|Any CPU
		{2D0D41BE-DE53-477E-AD04-721FF84E8703}.Debug|Windows-x86.Build.0 = Debug|Any CPU
		{2D0D41BE-DE53-477E-AD04-721FF84E8703}.Development|Any CPU.ActiveCfg = Development|Any CPU
		{2D0D41BE-DE53-477E-AD04-721FF84E8703}.Development|Any CPU.Build.0 = Development|Any CPU
		{2D0D41BE-DE53-477E-AD04-721FF84E8703}.Development|Windows-x64.ActiveCfg = Development|Any CPU
		{2D0D41BE-DE53-477E-AD04-721FF84E8703}.Development|Windows-x64.Build.0 = Development|Any CPU
		{2D0D41BE-DE53-477E-AD04-721FF84E8703}.Development|Windows-x86.ActiveCfg = Development|Any CPU
		{2D0D41BE-DE53-477E-AD04-721FF84E8703}.Development|Windows-x86.Build.0 = Development|Any CPU
		{2D0D41BE-DE53-477E-AD04-721FF84E8703}.Release|Any CPU.ActiveCfg = Release|Any CPU
		{2D0D41BE-DE53-477E-AD04-721FF84E8703}.Release|Any CPU.Build.0 = Release|Any CPU
		{2D0D41BE-DE53-477E-AD04-721FF84E8703}.Release|Windows-x64.ActiveCfg = Release|Any CPU
		{2D0D41BE-DE53-477E-AD04-721FF84E8703}.Release|Windows-x64.Build.0 = Release|Any CPU
		{2D0D41BE-DE53-477E-AD04-721FF84E8703}.Release|Windows-x86.ActiveCfg = Release|Any CPU
		{2D0D41BE-DE53-477E-AD04-721FF84E8703}.Release|Windows-x86.Build.0 = Release|Any CPU
		{3C0337DF-E437-4905-9848-0845B9F46610}.Debug|Any CPU.ActiveCfg = Debug|Any CPU
		{3C0337DF-E437-4905-9848-0845B9F46610}.Debug|Any CPU.Build.0 = Debug|Any CPU
		{3C0337DF-E437-4905-9848-0845B9F46610}.Debug|Windows-x64.ActiveCfg = Debug|Any CPU
		{3C0337DF-E437-4905-9848-0845B9F46610}.Debug|Windows-x64.Build.0 = Debug|Any CPU
		{3C0337DF-E437-4905-9848-0845B9F46610}.Debug|Windows-x86.ActiveCfg = Debug|Any CPU
		{3C0337DF-E437-4905-9848-0845B9F46610}.Debug|Windows-x86.Build.0 = Debug|Any CPU
		{3C0337DF-E437-4905-9848-0845B9F46610}.Development|Any CPU.ActiveCfg = Development|Any CPU
		{3C0337DF-E437-4905-9848-0845B9F46610}.Development|Any CPU.Build.0 = Development|Any CPU
		{3C0337DF-E437-4905-9848-0845B9F46610}.Development|Windows-x64.ActiveCfg = Development|Any CPU
		{3C0337DF-E437-4905-9848-0845B9F46610}.Development|Windows-x64.Build.0 = Development|Any CPU
		{3C0337DF-E437-4905-9848-0845B9F46610}.Development|Windows-x86.ActiveCfg = Development|Any CPU
		{3C0337DF-E437-4905-9848-0845B9F46610}.Development|Windows-x86.Build.0 = Development|Any CPU
		{3C0337DF-E437-4905-9848-0845B9F46610}.Release|Any CPU.ActiveCfg = Release|Any CPU
		{3C0337DF-E437-4905-9848-0845B9F46610}.Release|Any CPU.Build.0 = Release|Any CPU
		{3C0337DF-E437-4905-9848-0845B9F46610}.Release|Windows-x64.ActiveCfg = Release|Any CPU
		{3C0337DF-E437-4905-9848-0845B9F46610}.Release|Windows-x64.Build.0 = Release|Any CPU
		{3C0337DF-E437-4905-9848-0845B9F46610}.Release|Windows-x86.ActiveCfg = Release|Any CPU
		{3C0337DF-E437-4905-9848-0845B9F46610}.Release|Windows-x86.Build.0 = Release|Any CPU
		{7E0240B2-B47E-40CC-AF42-AEB2744E4CD8}.Debug|Any CPU.ActiveCfg = Debug|Any CPU
		{7E0240B2-B47E-40CC-AF42-AEB2744E4CD8}.Debug|Any CPU.Build.0 = Debug|Any CPU
		{7E0240B2-B47E-40CC-AF42-AEB2744E4CD8}.Debug|Windows-x64.ActiveCfg = Debug|Any CPU
		{7E0240B2-B47E-40CC-AF42-AEB2744E4CD8}.Debug|Windows-x64.Build.0 = Debug|Any CPU
		{7E0240B2-B47E-40CC-AF42-AEB2744E4CD8}.Debug|Windows-x86.ActiveCfg = Debug|Any CPU
		{7E0240B2-B47E-40CC-AF42-AEB2744E4CD8}.Debug|Windows-x86.Build.0 = Debug|Any CPU
		{7E0240B2-B47E-40CC-AF42-AEB2744E4CD8}.Development|Any CPU.ActiveCfg = Development|Any CPU
		{7E0240B2-B47E-40CC-AF42-AEB2744E4CD8}.Development|Any CPU.Build.0 = Development|Any CPU
		{7E0240B2-B47E-40CC-AF42-AEB2744E4CD8}.Development|Windows-x64.ActiveCfg = Development|Any CPU
		{7E0240B2-B47E-40CC-AF42-AEB2744E4CD8}.Development|Windows-x64.Build.0 = Development|Any CPU
		{7E0240B2-B47E-40CC-AF42-AEB2744E4CD8}.Development|Windows-x86.ActiveCfg = Development|Any CPU
		{7E0240B2-B47E-40CC-AF42-AEB2744E4CD8}.Development|Windows-x86.Build.0 = Development|Any CPU
		{7E0240B2-B47E-40CC-AF42-AEB2744E4CD8}.Release|Any CPU.ActiveCfg = Release|Any CPU
		{7E0240B2-B47E-40CC-AF42-AEB2744E4CD8}.Release|Any CPU.Build.0 = Release|Any CPU
		{7E0240B2-B47E-40CC-AF42-AEB2744E4CD8}.Release|Windows-x64.ActiveCfg = Release|Any CPU
		{7E0240B2-B47E-40CC-AF42-AEB2744E4CD8}.Release|Windows-x64.Build.0 = Release|Any CPU
		{7E0240B2-B47E-40CC-AF42-AEB2744E4CD8}.Release|Windows-x86.ActiveCfg = Release|Any CPU
		{7E0240B2-B47E-40CC-AF42-AEB2744E4CD8}.Release|Windows-x86.Build.0 = Release|Any CPU
		{D910ECAD-DDF8-409C-B7D6-ABC6CA831B53}.Debug|Any CPU.ActiveCfg = Debug|Any CPU
		{D910ECAD-DDF8-409C-B7D6-ABC6CA831B53}.Debug|Any CPU.Build.0 = Debug|Any CPU
		{D910ECAD-DDF8-409C-B7D6-ABC6CA831B53}.Debug|Windows-x64.ActiveCfg = Debug|Any CPU
		{D910ECAD-DDF8-409C-B7D6-ABC6CA831B53}.Debug|Windows-x64.Build.0 = Debug|Any CPU
		{D910ECAD-DDF8-409C-B7D6-ABC6CA831B53}.Debug|Windows-x86.ActiveCfg = Debug|Any CPU
		{D910ECAD-DDF8-409C-B7D6-ABC6CA831B53}.Debug|Windows-x86.Build.0 = Debug|Any CPU
		{D910ECAD-DDF8-409C-B7D6-ABC6CA831B53}.Development|Any CPU.ActiveCfg = Development|Any CPU
		{D910ECAD-DDF8-409C-B7D6-ABC6CA831B53}.Development|Any CPU.Build.0 = Development|Any CPU
		{D910ECAD-DDF8-409C-B7D6-ABC6CA831B53}.Development|Windows-x64.ActiveCfg = Debug|Any CPU
		{D910ECAD-DDF8-409C-B7D6-ABC6CA831B53}.Development|Windows-x64.Build.0 = Debug|Any CPU
		{D910ECAD-DDF8-409C-B7D6-ABC6CA831B53}.Development|Windows-x86.ActiveCfg = Debug|Any CPU
		{D910ECAD-DDF8-409C-B7D6-ABC6CA831B53}.Development|Windows-x86.Build.0 = Debug|Any CPU
		{D910ECAD-DDF8-409C-B7D6-ABC6CA831B53}.Release|Any CPU.ActiveCfg = Release|Any CPU
		{D910ECAD-DDF8-409C-B7D6-ABC6CA831B53}.Release|Any CPU.Build.0 = Release|Any CPU
		{D910ECAD-DDF8-409C-B7D6-ABC6CA831B53}.Release|Windows-x64.ActiveCfg = Release|Any CPU
		{D910ECAD-DDF8-409C-B7D6-ABC6CA831B53}.Release|Windows-x64.Build.0 = Release|Any CPU
		{D910ECAD-DDF8-409C-B7D6-ABC6CA831B53}.Release|Windows-x86.ActiveCfg = Release|Any CPU
		{D910ECAD-DDF8-409C-B7D6-ABC6CA831B53}.Release|Windows-x86.Build.0 = Release|Any CPU
		{E2ADE39A-6A99-470C-AEDD-23A5813A106C}.Debug|Any CPU.ActiveCfg = Debug|Any CPU
		{E2ADE39A-6A99-470C-AEDD-23A5813A106C}.Debug|Any CPU.Build.0 = Debug|Any CPU
		{E2ADE39A-6A99-470C-AEDD-23A5813A106C}.Debug|Windows-x64.ActiveCfg = Debug|Any CPU
		{E2ADE39A-6A99-470C-AEDD-23A5813A106C}.Debug|Windows-x64.Build.0 = Debug|Any CPU
		{E2ADE39A-6A99-470C-AEDD-23A5813A106C}.Debug|Windows-x86.ActiveCfg = Debug|Any CPU
		{E2ADE39A-6A99-470C-AEDD-23A5813A106C}.Debug|Windows-x86.Build.0 = Debug|Any CPU
		{E2ADE39A-6A99-470C-AEDD-23A5813A106C}.Development|Any CPU.ActiveCfg = Debug|Any CPU
		{E2ADE39A-6A99-470C-AEDD-23A5813A106C}.Development|Any CPU.Build.0 = Debug|Any CPU
		{E2ADE39A-6A99-470C-AEDD-23A5813A106C}.Development|Windows-x64.ActiveCfg = Debug|Any CPU
		{E2ADE39A-6A99-470C-AEDD-23A5813A106C}.Development|Windows-x64.Build.0 = Debug|Any CPU
		{E2ADE39A-6A99-470C-AEDD-23A5813A106C}.Development|Windows-x86.ActiveCfg = Debug|Any CPU
		{E2ADE39A-6A99-470C-AEDD-23A5813A106C}.Development|Windows-x86.Build.0 = Debug|Any CPU
		{E2ADE39A-6A99-470C-AEDD-23A5813A106C}.Release|Any CPU.ActiveCfg = Release|Any CPU
		{E2ADE39A-6A99-470C-AEDD-23A5813A106C}.Release|Any CPU.Build.0 = Release|Any CPU
		{E2ADE39A-6A99-470C-AEDD-23A5813A106C}.Release|Windows-x64.ActiveCfg = Release|Any CPU
		{E2ADE39A-6A99-470C-AEDD-23A5813A106C}.Release|Windows-x64.Build.0 = Release|Any CPU
		{E2ADE39A-6A99-470C-AEDD-23A5813A106C}.Release|Windows-x86.ActiveCfg = Release|Any CPU
		{E2ADE39A-6A99-470C-AEDD-23A5813A106C}.Release|Windows-x86.Build.0 = Release|Any CPU
		{24CA74F5-6AF8-4C67-AC79-3E648ECBEA68}.Debug|Any CPU.ActiveCfg = Debug|Any CPU
		{24CA74F5-6AF8-4C67-AC79-3E648ECBEA68}.Debug|Any CPU.Build.0 = Debug|Any CPU
		{24CA74F5-6AF8-4C67-AC79-3E648ECBEA68}.Debug|Windows-x64.ActiveCfg = Debug|Any CPU
		{24CA74F5-6AF8-4C67-AC79-3E648ECBEA68}.Debug|Windows-x64.Build.0 = Debug|Any CPU
		{24CA74F5-6AF8-4C67-AC79-3E648ECBEA68}.Debug|Windows-x86.ActiveCfg = Debug|Any CPU
		{24CA74F5-6AF8-4C67-AC79-3E648ECBEA68}.Debug|Windows-x86.Build.0 = Debug|Any CPU
		{24CA74F5-6AF8-4C67-AC79-3E648ECBEA68}.Development|Any CPU.ActiveCfg = Development|Any CPU
		{24CA74F5-6AF8-4C67-AC79-3E648ECBEA68}.Development|Any CPU.Build.0 = Development|Any CPU
		{24CA74F5-6AF8-4C67-AC79-3E648ECBEA68}.Development|Windows-x64.ActiveCfg = Development|Any CPU
		{24CA74F5-6AF8-4C67-AC79-3E648ECBEA68}.Development|Windows-x64.Build.0 = Development|Any CPU
		{24CA74F5-6AF8-4C67-AC79-3E648ECBEA68}.Development|Windows-x86.ActiveCfg = Development|Any CPU
		{24CA74F5-6AF8-4C67-AC79-3E648ECBEA68}.Development|Windows-x86.Build.0 = Development|Any CPU
		{24CA74F5-6AF8-4C67-AC79-3E648ECBEA68}.Release|Any CPU.ActiveCfg = Release|Any CPU
		{24CA74F5-6AF8-4C67-AC79-3E648ECBEA68}.Release|Any CPU.Build.0 = Release|Any CPU
		{24CA74F5-6AF8-4C67-AC79-3E648ECBEA68}.Release|Windows-x64.ActiveCfg = Release|Any CPU
		{24CA74F5-6AF8-4C67-AC79-3E648ECBEA68}.Release|Windows-x64.Build.0 = Release|Any CPU
		{24CA74F5-6AF8-4C67-AC79-3E648ECBEA68}.Release|Windows-x86.ActiveCfg = Release|Any CPU
		{24CA74F5-6AF8-4C67-AC79-3E648ECBEA68}.Release|Windows-x86.Build.0 = Release|Any CPU
		{D1BF6BD5-32BB-4E69-9728-A3A89698BEAE}.Debug|Any CPU.ActiveCfg = Debug|Any CPU
		{D1BF6BD5-32BB-4E69-9728-A3A89698BEAE}.Debug|Any CPU.Build.0 = Debug|Any CPU
		{D1BF6BD5-32BB-4E69-9728-A3A89698BEAE}.Debug|Windows-x64.ActiveCfg = Debug|Any CPU
		{D1BF6BD5-32BB-4E69-9728-A3A89698BEAE}.Debug|Windows-x64.Build.0 = Debug|Any CPU
		{D1BF6BD5-32BB-4E69-9728-A3A89698BEAE}.Debug|Windows-x86.ActiveCfg = Debug|Any CPU
		{D1BF6BD5-32BB-4E69-9728-A3A89698BEAE}.Debug|Windows-x86.Build.0 = Debug|Any CPU
		{D1BF6BD5-32BB-4E69-9728-A3A89698BEAE}.Development|Any CPU.ActiveCfg = Debug|Any CPU
		{D1BF6BD5-32BB-4E69-9728-A3A89698BEAE}.Development|Any CPU.Build.0 = Debug|Any CPU
		{D1BF6BD5-32BB-4E69-9728-A3A89698BEAE}.Development|Windows-x64.ActiveCfg = Debug|Any CPU
		{D1BF6BD5-32BB-4E69-9728-A3A89698BEAE}.Development|Windows-x64.Build.0 = Debug|Any CPU
		{D1BF6BD5-32BB-4E69-9728-A3A89698BEAE}.Development|Windows-x86.ActiveCfg = Debug|Any CPU
		{D1BF6BD5-32BB-4E69-9728-A3A89698BEAE}.Development|Windows-x86.Build.0 = Debug|Any CPU
		{D1BF6BD5-32BB-4E69-9728-A3A89698BEAE}.Release|Any CPU.ActiveCfg = Release|Any CPU
		{D1BF6BD5-32BB-4E69-9728-A3A89698BEAE}.Release|Any CPU.Build.0 = Release|Any CPU
		{D1BF6BD5-32BB-4E69-9728-A3A89698BEAE}.Release|Windows-x64.ActiveCfg = Release|Any CPU
		{D1BF6BD5-32BB-4E69-9728-A3A89698BEAE}.Release|Windows-x64.Build.0 = Release|Any CPU
		{D1BF6BD5-32BB-4E69-9728-A3A89698BEAE}.Release|Windows-x86.ActiveCfg = Release|Any CPU
		{D1BF6BD5-32BB-4E69-9728-A3A89698BEAE}.Release|Windows-x86.Build.0 = Release|Any CPU
		{2808B87F-182D-4B90-AF8B-0A693415C1AA}.Debug|Any CPU.ActiveCfg = Debug|Any CPU
		{2808B87F-182D-4B90-AF8B-0A693415C1AA}.Debug|Any CPU.Build.0 = Debug|Any CPU
		{2808B87F-182D-4B90-AF8B-0A693415C1AA}.Debug|Windows-x64.ActiveCfg = Debug|Any CPU
		{2808B87F-182D-4B90-AF8B-0A693415C1AA}.Debug|Windows-x64.Build.0 = Debug|Any CPU
		{2808B87F-182D-4B90-AF8B-0A693415C1AA}.Debug|Windows-x86.ActiveCfg = Debug|Any CPU
		{2808B87F-182D-4B90-AF8B-0A693415C1AA}.Debug|Windows-x86.Build.0 = Debug|Any CPU
		{2808B87F-182D-4B90-AF8B-0A693415C1AA}.Development|Any CPU.ActiveCfg = Debug|Any CPU
		{2808B87F-182D-4B90-AF8B-0A693415C1AA}.Development|Any CPU.Build.0 = Debug|Any CPU
		{2808B87F-182D-4B90-AF8B-0A693415C1AA}.Development|Windows-x64.ActiveCfg = Debug|Any CPU
		{2808B87F-182D-4B90-AF8B-0A693415C1AA}.Development|Windows-x64.Build.0 = Debug|Any CPU
		{2808B87F-182D-4B90-AF8B-0A693415C1AA}.Development|Windows-x86.ActiveCfg = Debug|Any CPU
		{2808B87F-182D-4B90-AF8B-0A693415C1AA}.Development|Windows-x86.Build.0 = Debug|Any CPU
		{2808B87F-182D-4B90-AF8B-0A693415C1AA}.Release|Any CPU.ActiveCfg = Release|Any CPU
		{2808B87F-182D-4B90-AF8B-0A693415C1AA}.Release|Any CPU.Build.0 = Release|Any CPU
		{2808B87F-182D-4B90-AF8B-0A693415C1AA}.Release|Windows-x64.ActiveCfg = Release|Any CPU
		{2808B87F-182D-4B90-AF8B-0A693415C1AA}.Release|Windows-x64.Build.0 = Release|Any CPU
		{2808B87F-182D-4B90-AF8B-0A693415C1AA}.Release|Windows-x86.ActiveCfg = Release|Any CPU
		{2808B87F-182D-4B90-AF8B-0A693415C1AA}.Release|Windows-x86.Build.0 = Release|Any CPU
		{FDB85D2B-1209-488B-9EC2-FB9DB78D15E6}.Debug|Any CPU.ActiveCfg = Debug|Any CPU
		{FDB85D2B-1209-488B-9EC2-FB9DB78D15E6}.Debug|Any CPU.Build.0 = Debug|Any CPU
		{FDB85D2B-1209-488B-9EC2-FB9DB78D15E6}.Debug|Windows-x64.ActiveCfg = Debug|Any CPU
		{FDB85D2B-1209-488B-9EC2-FB9DB78D15E6}.Debug|Windows-x64.Build.0 = Debug|Any CPU
		{FDB85D2B-1209-488B-9EC2-FB9DB78D15E6}.Debug|Windows-x86.ActiveCfg = Debug|Any CPU
		{FDB85D2B-1209-488B-9EC2-FB9DB78D15E6}.Debug|Windows-x86.Build.0 = Debug|Any CPU
		{FDB85D2B-1209-488B-9EC2-FB9DB78D15E6}.Development|Any CPU.ActiveCfg = Debug|Any CPU
		{FDB85D2B-1209-488B-9EC2-FB9DB78D15E6}.Development|Any CPU.Build.0 = Debug|Any CPU
		{FDB85D2B-1209-488B-9EC2-FB9DB78D15E6}.Development|Windows-x64.ActiveCfg = Debug|Any CPU
		{FDB85D2B-1209-488B-9EC2-FB9DB78D15E6}.Development|Windows-x64.Build.0 = Debug|Any CPU
		{FDB85D2B-1209-488B-9EC2-FB9DB78D15E6}.Development|Windows-x86.ActiveCfg = Debug|Any CPU
		{FDB85D2B-1209-488B-9EC2-FB9DB78D15E6}.Development|Windows-x86.Build.0 = Debug|Any CPU
		{FDB85D2B-1209-488B-9EC2-FB9DB78D15E6}.Release|Any CPU.ActiveCfg = Release|Any CPU
		{FDB85D2B-1209-488B-9EC2-FB9DB78D15E6}.Release|Any CPU.Build.0 = Release|Any CPU
		{FDB85D2B-1209-488B-9EC2-FB9DB78D15E6}.Release|Windows-x64.ActiveCfg = Release|Any CPU
		{FDB85D2B-1209-488B-9EC2-FB9DB78D15E6}.Release|Windows-x64.Build.0 = Release|Any CPU
		{FDB85D2B-1209-488B-9EC2-FB9DB78D15E6}.Release|Windows-x86.ActiveCfg = Release|Any CPU
		{FDB85D2B-1209-488B-9EC2-FB9DB78D15E6}.Release|Windows-x86.Build.0 = Release|Any CPU
	EndGlobalSection
	GlobalSection(SolutionProperties) = preSolution
		HideSolutionNode = FALSE
	EndGlobalSection
	GlobalSection(ExtensibilityGlobals) = postSolution
		SolutionGuid = {A9CC44B9-7F4D-4269-A1E7-3E1954D2395D}
	EndGlobalSection
EndGlobal
